// !$*UTF8*$!
{
	archiveVersion = 1;
	classes = {
	};
	objectVersion = 50;
	objects = {

/* Begin PBXBuildFile section */
		80287F702621AA0B0003E48B /* AppDelegate.swift in Sources */ = {isa = PBXBuildFile; fileRef = 80287F6F2621AA0B0003E48B /* AppDelegate.swift */; };
		80287F722621AA0B0003E48B /* SceneDelegate.swift in Sources */ = {isa = PBXBuildFile; fileRef = 80287F712621AA0B0003E48B /* SceneDelegate.swift */; };
		80287F742621AA0B0003E48B /* ViewController.swift in Sources */ = {isa = PBXBuildFile; fileRef = 80287F732621AA0B0003E48B /* ViewController.swift */; };
		80287F772621AA0B0003E48B /* Main.storyboard in Resources */ = {isa = PBXBuildFile; fileRef = 80287F752621AA0B0003E48B /* Main.storyboard */; };
		80287F792621AA0C0003E48B /* Assets.xcassets in Resources */ = {isa = PBXBuildFile; fileRef = 80287F782621AA0C0003E48B /* Assets.xcassets */; };
		80287F7C2621AA0C0003E48B /* LaunchScreen.storyboard in Resources */ = {isa = PBXBuildFile; fileRef = 80287F7A2621AA0C0003E48B /* LaunchScreen.storyboard */; };
/* End PBXBuildFile section */

/* Begin PBXFileReference section */
		80287F6C2621AA0A0003E48B /* Lesson27.app */ = {isa = PBXFileReference; explicitFileType = wrapper.application; includeInIndex = 0; path = Lesson27.app; sourceTree = BUILT_PRODUCTS_DIR; };
		80287F6F2621AA0B0003E48B /* AppDelegate.swift */ = {isa = PBXFileReference; lastKnownFileType = sourcecode.swift; path = AppDelegate.swift; sourceTree = "<group>"; };
		80287F712621AA0B0003E48B /* SceneDelegate.swift */ = {isa = PBXFileReference; lastKnownFileType = sourcecode.swift; path = SceneDelegate.swift; sourceTree = "<group>"; };
		80287F732621AA0B0003E48B /* ViewController.swift */ = {isa = PBXFileReference; lastKnownFileType = sourcecode.swift; path = ViewController.swift; sourceTree = "<group>"; };
		80287F762621AA0B0003E48B /* Base */ = {isa = PBXFileReference; lastKnownFileType = file.storyboard; name = Base; path = Base.lproj/Main.storyboard; sourceTree = "<group>"; };
		80287F782621AA0C0003E48B /* Assets.xcassets */ = {isa = PBXFileReference; lastKnownFileType = folder.assetcatalog; path = Assets.xcassets; sourceTree = "<group>"; };
		80287F7B2621AA0C0003E48B /* Base */ = {isa = PBXFileReference; lastKnownFileType = file.storyboard; name = Base; path = Base.lproj/LaunchScreen.storyboard; sourceTree = "<group>"; };
		80287F7D2621AA0C0003E48B /* Info.plist */ = {isa = PBXFileReference; lastKnownFileType = text.plist.xml; path = Info.plist; sourceTree = "<group>"; };
/* End PBXFileReference section */

/* Begin PBXFrameworksBuildPhase section */
		80287F692621AA0A0003E48B /* Frameworks */ = {
			isa = PBXFrameworksBuildPhase;
			buildActionMask = 2147483647;
			files = (
			);
			runOnlyForDeploymentPostprocessing = 0;
		};
/* End PBXFrameworksBuildPhase section */

/* Begin PBXGroup section */
		80287F632621AA0A0003E48B = {
			isa = PBXGroup;
			children = (
				80287F6E2621AA0A0003E48B /* Lesson27 */,
				80287F6D2621AA0A0003E48B /* Products */,
			);
			sourceTree = "<group>";
		};
		80287F6D2621AA0A0003E48B /* Products */ = {
			isa = PBXGroup;
			children = (
				80287F6C2621AA0A0003E48B /* Lesson27.app */,
			);
			name = Products;
			sourceTree = "<group>";
		};
		80287F6E2621AA0A0003E48B /* Lesson27 */ = {
			isa = PBXGroup;
			children = (
				80287F872621AA9A0003E48B /* Controller */,
				80287F862621AA8B0003E48B /* View */,
				80287F842621AA6F0003E48B /* System32 */,
			);
			path = Lesson27;
			sourceTree = "<group>";
		};
		80287F842621AA6F0003E48B /* System32 */ = {
			isa = PBXGroup;
			children = (
				80287F6F2621AA0B0003E48B /* AppDelegate.swift */,
				80287F712621AA0B0003E48B /* SceneDelegate.swift */,
				80287F782621AA0C0003E48B /* Assets.xcassets */,
				80287F7A2621AA0C0003E48B /* LaunchScreen.storyboard */,
				80287F7D2621AA0C0003E48B /* Info.plist */,
			);
			path = System32;
			sourceTree = "<group>";
		};
		80287F862621AA8B0003E48B /* View */ = {
			isa = PBXGroup;
			children = (
				80287F752621AA0B0003E48B /* Main.storyboard */,
			);
			path = View;
			sourceTree = "<group>";
		};
		80287F872621AA9A0003E48B /* Controller */ = {
			isa = PBXGroup;
			children = (
				80287F732621AA0B0003E48B /* ViewController.swift */,
			);
			path = Controller;
			sourceTree = "<group>";
		};
/* End PBXGroup section */

/* Begin PBXNativeTarget section */
		80287F6B2621AA0A0003E48B /* Lesson27 */ = {
			isa = PBXNativeTarget;
			buildConfigurationList = 80287F802621AA0C0003E48B /* Build configuration list for PBXNativeTarget "Lesson27" */;
			buildPhases = (
				80287F682621AA0A0003E48B /* Sources */,
				80287F692621AA0A0003E48B /* Frameworks */,
				80287F6A2621AA0A0003E48B /* Resources */,
			);
			buildRules = (
			);
			dependencies = (
			);
			name = Lesson27;
			productName = Lesson27;
			productReference = 80287F6C2621AA0A0003E48B /* Lesson27.app */;
			productType = "com.apple.product-type.application";
		};
/* End PBXNativeTarget section */

/* Begin PBXProject section */
		80287F642621AA0A0003E48B /* Project object */ = {
			isa = PBXProject;
			attributes = {
				LastSwiftUpdateCheck = 1240;
				LastUpgradeCheck = 1240;
				TargetAttributes = {
					80287F6B2621AA0A0003E48B = {
						CreatedOnToolsVersion = 12.4;
					};
				};
			};
			buildConfigurationList = 80287F672621AA0A0003E48B /* Build configuration list for PBXProject "Lesson27" */;
			compatibilityVersion = "Xcode 9.3";
			developmentRegion = en;
			hasScannedForEncodings = 0;
			knownRegions = (
				en,
				Base,
			);
			mainGroup = 80287F632621AA0A0003E48B;
			productRefGroup = 80287F6D2621AA0A0003E48B /* Products */;
			projectDirPath = "";
			projectRoot = "";
			targets = (
				80287F6B2621AA0A0003E48B /* Lesson27 */,
			);
		};
/* End PBXProject section */

/* Begin PBXResourcesBuildPhase section */
		80287F6A2621AA0A0003E48B /* Resources */ = {
			isa = PBXResourcesBuildPhase;
			buildActionMask = 2147483647;
			files = (
				80287F7C2621AA0C0003E48B /* LaunchScreen.storyboard in Resources */,
				80287F792621AA0C0003E48B /* Assets.xcassets in Resources */,
				80287F772621AA0B0003E48B /* Main.storyboard in Resources */,
			);
			runOnlyForDeploymentPostprocessing = 0;
		};
/* End PBXResourcesBuildPhase section */

/* Begin PBXSourcesBuildPhase section */
		80287F682621AA0A0003E48B /* Sources */ = {
			isa = PBXSourcesBuildPhase;
			buildActionMask = 2147483647;
			files = (
				80287F742621AA0B0003E48B /* ViewController.swift in Sources */,
				80287F702621AA0B0003E48B /* AppDelegate.swift in Sources */,
				80287F722621AA0B0003E48B /* SceneDelegate.swift in Sources */,
			);
			runOnlyForDeploymentPostprocessing = 0;
		};
/* End PBXSourcesBuildPhase section */

/* Begin PBXVariantGroup section */
		80287F752621AA0B0003E48B /* Main.storyboard */ = {
			isa = PBXVariantGroup;
			children = (
				80287F762621AA0B0003E48B /* Base */,
			);
			name = Main.storyboard;
			sourceTree = "<group>";
		};
		80287F7A2621AA0C0003E48B /* LaunchScreen.storyboard */ = {
			isa = PBXVariantGroup;
			children = (
				80287F7B2621AA0C0003E48B /* Base */,
			);
			name = LaunchScreen.storyboard;
			sourceTree = "<group>";
		};
/* End PBXVariantGroup section */

/* Begin XCBuildConfiguration section */
		80287F7E2621AA0C0003E48B /* Debug */ = {
			isa = XCBuildConfiguration;
			buildSettings = {
				ALWAYS_SEARCH_USER_PATHS = NO;
				CLANG_ANALYZER_NONNULL = YES;
				CLANG_ANALYZER_NUMBER_OBJECT_CONVERSION = YES_AGGRESSIVE;
				CLANG_CXX_LANGUAGE_STANDARD = "gnu++14";
				CLANG_CXX_LIBRARY = "libc++";
				CLANG_ENABLE_MODULES = YES;
				CLANG_ENABLE_OBJC_ARC = YES;
				CLANG_ENABLE_OBJC_WEAK = YES;
				CLANG_WARN_BLOCK_CAPTURE_AUTORELEASING = YES;
				CLANG_WARN_BOOL_CONVERSION = YES;
				CLANG_WARN_COMMA = YES;
				CLANG_WARN_CONSTANT_CONVERSION = YES;
				CLANG_WARN_DEPRECATED_OBJC_IMPLEMENTATIONS = YES;
				CLANG_WARN_DIRECT_OBJC_ISA_USAGE = YES_ERROR;
				CLANG_WARN_DOCUMENTATION_COMMENTS = YES;
				CLANG_WARN_EMPTY_BODY = YES;
				CLANG_WARN_ENUM_CONVERSION = YES;
				CLANG_WARN_INFINITE_RECURSION = YES;
				CLANG_WARN_INT_CONVERSION = YES;
				CLANG_WARN_NON_LITERAL_NULL_CONVERSION = YES;
				CLANG_WARN_OBJC_IMPLICIT_RETAIN_SELF = YES;
				CLANG_WARN_OBJC_LITERAL_CONVERSION = YES;
				CLANG_WARN_OBJC_ROOT_CLASS = YES_ERROR;
				CLANG_WARN_QUOTED_INCLUDE_IN_FRAMEWORK_HEADER = YES;
				CLANG_WARN_RANGE_LOOP_ANALYSIS = YES;
				CLANG_WARN_STRICT_PROTOTYPES = YES;
				CLANG_WARN_SUSPICIOUS_MOVE = YES;
				CLANG_WARN_UNGUARDED_AVAILABILITY = YES_AGGRESSIVE;
				CLANG_WARN_UNREACHABLE_CODE = YES;
				CLANG_WARN__DUPLICATE_METHOD_MATCH = YES;
				COPY_PHASE_STRIP = NO;
				DEBUG_INFORMATION_FORMAT = dwarf;
				ENABLE_STRICT_OBJC_MSGSEND = YES;
				ENABLE_TESTABILITY = YES;
				GCC_C_LANGUAGE_STANDARD = gnu11;
				GCC_DYNAMIC_NO_PIC = NO;
				GCC_NO_COMMON_BLOCKS = YES;
				GCC_OPTIMIZATION_LEVEL = 0;
				GCC_PREPROCESSOR_DEFINITIONS = (
					"DEBUG=1",
					"$(inherited)",
				);
				GCC_WARN_64_TO_32_BIT_CONVERSION = YES;
				GCC_WARN_ABOUT_RETURN_TYPE = YES_ERROR;
				GCC_WARN_UNDECLARED_SELECTOR = YES;
				GCC_WARN_UNINITIALIZED_AUTOS = YES_AGGRESSIVE;
				GCC_WARN_UNUSED_FUNCTION = YES;
				GCC_WARN_UNUSED_VARIABLE = YES;
				IPHONEOS_DEPLOYMENT_TARGET = 14.4;
				MTL_ENABLE_DEBUG_INFO = INCLUDE_SOURCE;
				MTL_FAST_MATH = YES;
				ONLY_ACTIVE_ARCH = YES;
				SDKROOT = iphoneos;
				SWIFT_ACTIVE_COMPILATION_CONDITIONS = DEBUG;
				SWIFT_OPTIMIZATION_LEVEL = "-Onone";
			};
			name = Debug;
		};
		80287F7F2621AA0C0003E48B /* Release */ = {
			isa = XCBuildConfiguration;
			buildSettings = {
				ALWAYS_SEARCH_USER_PATHS = NO;
				CLANG_ANALYZER_NONNULL = YES;
				CLANG_ANALYZER_NUMBER_OBJECT_CONVERSION = YES_AGGRESSIVE;
				CLANG_CXX_LANGUAGE_STANDARD = "gnu++14";
				CLANG_CXX_LIBRARY = "libc++";
				CLANG_ENABLE_MODULES = YES;
				CLANG_ENABLE_OBJC_ARC = YES;
				CLANG_ENABLE_OBJC_WEAK = YES;
				CLANG_WARN_BLOCK_CAPTURE_AUTORELEASING = YES;
				CLANG_WARN_BOOL_CONVERSION = YES;
				CLANG_WARN_COMMA = YES;
				CLANG_WARN_CONSTANT_CONVERSION = YES;
				CLANG_WARN_DEPRECATED_OBJC_IMPLEMENTATIONS = YES;
				CLANG_WARN_DIRECT_OBJC_ISA_USAGE = YES_ERROR;
				CLANG_WARN_DOCUMENTATION_COMMENTS = YES;
				CLANG_WARN_EMPTY_BODY = YES;
				CLANG_WARN_ENUM_CONVERSION = YES;
				CLANG_WARN_INFINITE_RECURSION = YES;
				CLANG_WARN_INT_CONVERSION = YES;
				CLANG_WARN_NON_LITERAL_NULL_CONVERSION = YES;
				CLANG_WARN_OBJC_IMPLICIT_RETAIN_SELF = YES;
				CLANG_WARN_OBJC_LITERAL_CONVERSION = YES;
				CLANG_WARN_OBJC_ROOT_CLASS = YES_ERROR;
				CLANG_WARN_QUOTED_INCLUDE_IN_FRAMEWORK_HEADER = YES;
				CLANG_WARN_RANGE_LOOP_ANALYSIS = YES;
				CLANG_WARN_STRICT_PROTOTYPES = YES;
				CLANG_WARN_SUSPICIOUS_MOVE = YES;
				CLANG_WARN_UNGUARDED_AVAILABILITY = YES_AGGRESSIVE;
				CLANG_WARN_UNREACHABLE_CODE = YES;
				CLANG_WARN__DUPLICATE_METHOD_MATCH = YES;
				COPY_PHASE_STRIP = NO;
				DEBUG_INFORMATION_FORMAT = "dwarf-with-dsym";
				ENABLE_NS_ASSERTIONS = NO;
				ENABLE_STRICT_OBJC_MSGSEND = YES;
				GCC_C_LANGUAGE_STANDARD = gnu11;
				GCC_NO_COMMON_BLOCKS = YES;
				GCC_WARN_64_TO_32_BIT_CONVERSION = YES;
				GCC_WARN_ABOUT_RETURN_TYPE = YES_ERROR;
				GCC_WARN_UNDECLARED_SELECTOR = YES;
				GCC_WARN_UNINITIALIZED_AUTOS = YES_AGGRESSIVE;
				GCC_WARN_UNUSED_FUNCTION = YES;
				GCC_WARN_UNUSED_VARIABLE = YES;
				IPHONEOS_DEPLOYMENT_TARGET = 14.4;
				MTL_ENABLE_DEBUG_INFO = NO;
				MTL_FAST_MATH = YES;
				SDKROOT = iphoneos;
				SWIFT_COMPILATION_MODE = wholemodule;
				SWIFT_OPTIMIZATION_LEVEL = "-O";
				VALIDATE_PRODUCT = YES;
			};
			name = Release;
		};
		80287F812621AA0C0003E48B /* Debug */ = {
			isa = XCBuildConfiguration;
			buildSettings = {
				ASSETCATALOG_COMPILER_APPICON_NAME = AppIcon;
				ASSETCATALOG_COMPILER_GLOBAL_ACCENT_COLOR_NAME = AccentColor;
				CODE_SIGN_STYLE = Automatic;
				DEVELOPMENT_TEAM = 879U287R5Q;
				INFOPLIST_FILE = "$(SRCROOT)/Lesson27/System32/Info.plist";
				LD_RUNPATH_SEARCH_PATHS = (
					"$(inherited)",
					"@executable_path/Frameworks",
				);
				PRODUCT_BUNDLE_IDENTIFIER = ihValery.Lesson27;
				PRODUCT_NAME = "$(TARGET_NAME)";
				SWIFT_VERSION = 5.0;
				TARGETED_DEVICE_FAMILY = "1,2";
			};
			name = Debug;
		};
		80287F822621AA0C0003E48B /* Release */ = {
			isa = XCBuildConfiguration;
			buildSettings = {
				ASSETCATALOG_COMPILER_APPICON_NAME = AppIcon;
				ASSETCATALOG_COMPILER_GLOBAL_ACCENT_COLOR_NAME = AccentColor;
				CODE_SIGN_STYLE = Automatic;
				DEVELOPMENT_TEAM = 879U287R5Q;
				INFOPLIST_FILE = "$(SRCROOT)/Lesson27/System32/Info.plist";
				LD_RUNPATH_SEARCH_PATHS = (
					"$(inherited)",
					"@executable_path/Frameworks",
				);
				PRODUCT_BUNDLE_IDENTIFIER = ihValery.Lesson27;
				PRODUCT_NAME = "$(TARGET_NAME)";
				SWIFT_VERSION = 5.0;
				TARGETED_DEVICE_FAMILY = "1,2";
			};
			name = Release;
		};
/* End XCBuildConfiguration section */

/* Begin XCConfigurationList section */
		80287F672621AA0A0003E48B /* Build configuration list for PBXProject "Lesson27" */ = {
			isa = XCConfigurationList;
			buildConfigurations = (
				80287F7E2621AA0C0003E48B /* Debug */,
				80287F7F2621AA0C0003E48B /* Release */,
			);
			defaultConfigurationIsVisible = 0;
			defaultConfigurationName = Release;
		};
		80287F802621AA0C0003E48B /* Build configuration list for PBXNativeTarget "Lesson27" */ = {
			isa = XCConfigurationList;
			buildConfigurations = (
				80287F812621AA0C0003E48B /* Debug */,
				80287F822621AA0C0003E48B /* Release */,
			);
			defaultConfigurationIsVisible = 0;
			defaultConfigurationName = Release;
		};
/* End XCConfigurationList section */
	};
	rootObject = 80287F642621AA0A0003E48B /* Project object */;
}
